
Microsoft Visual Studio Solution File, Format Version 12.00
# Visual Studio 14
VisualStudioVersion = 14.0.25420.1
MinimumVisualStudioVersion = 10.0.40219.1
Project("{FAE04EC0-301F-11D3-BF4B-00C04F79EFBC}") = "EFModel", "EFModel\EFModel.csproj", "{A26B0BCD-92A2-45EF-9F5F-EE31CE9F3EF7}"
EndProject
Project("{FAE04EC0-301F-11D3-BF4B-00C04F79EFBC}") = "NHibernateModel", "NHibernateModel\NHibernateModel.csproj", "{C16E9E0F-62F2-4452-8992-5515CDE563B5}"
EndProject
Project("{FAE04EC0-301F-11D3-BF4B-00C04F79EFBC}") = "Tests", "Tests\Tests.csproj", "{0CE6E3AF-29DE-43AF-8C95-C92D608D16CD}"
EndProject
Project("{FAE04EC0-301F-11D3-BF4B-00C04F79EFBC}") = "LightSpeedModel", "LightSpeedModel\LightSpeedModel.csproj", "{2961A24F-A9D7-433C-87B2-1DBC29EBCFEF}"
EndProject
Project("{FAE04EC0-301F-11D3-BF4B-00C04F79EFBC}") = "SubsonicModel", "SubsonicModel\SubsonicModel.csproj", "{0E8FC1DF-927A-489D-83A2-151F72ECB273}"
EndProject
Project("{FAE04EC0-301F-11D3-BF4B-00C04F79EFBC}") = "TestRunner", "TestRunner\TestRunner.csproj", "{A590697F-8718-46BF-9C19-CCC4018A750C}"
EndProject
Project("{FAE04EC0-301F-11D3-BF4B-00C04F79EFBC}") = "BLToolkitModel", "BLToolkitModel\BLToolkitModel.csproj", "{21539ADC-5EF2-4ABF-989F-42CCBF84EFC1}"
EndProject
Project("{FAE04EC0-301F-11D3-BF4B-00C04F79EFBC}") = "Infrastructure", "Infrastructure\Infrastructure.csproj", "{CEFD8643-6B2E-4EAD-B17D-4081E9E2E83F}"
EndProject
Project("{FAE04EC0-301F-11D3-BF4B-00C04F79EFBC}") = "Linq2SqlModel", "Linq2SqlModel\Linq2SqlModel.csproj", "{DC754380-02AB-4DE8-AC47-881B6D09513D}"
EndProject
Project("{FAE04EC0-301F-11D3-BF4B-00C04F79EFBC}") = "EntitySpacesModel", "EntitySpacesModel\EntitySpacesModel.csproj", "{8CF4DE14-5D1B-4E75-99A0-98757B96F28F}"
EndProject
Project("{FAE04EC0-301F-11D3-BF4B-00C04F79EFBC}") = "LinqConnectModel", "LinqConnectModel\LinqConnectModel.csproj", "{F8C853DD-BDEB-4F1B-AE2D-715CE53654B9}"
EndProject
Project("{FAE04EC0-301F-11D3-BF4B-00C04F79EFBC}") = "Linq2DbModel", "Linq2DbModel\Linq2DbModel.csproj", "{70BEF1D5-1FC9-41AB-A3F7-5D3AA9BEFD31}"
EndProject
Project("{FAE04EC0-301F-11D3-BF4B-00C04F79EFBC}") = "EFCoreModel", "EFCoreModel\EFCoreModel.csproj", "{DC546042-8674-448B-9AC9-882D35BF0EB4}"
EndProject
Global
	GlobalSection(SolutionConfigurationPlatforms) = preSolution
		Debug|Any CPU = Debug|Any CPU
		Release|Any CPU = Release|Any CPU
	EndGlobalSection
	GlobalSection(ProjectConfigurationPlatforms) = postSolution
		{A26B0BCD-92A2-45EF-9F5F-EE31CE9F3EF7}.Debug|Any CPU.ActiveCfg = Debug|Any CPU
		{A26B0BCD-92A2-45EF-9F5F-EE31CE9F3EF7}.Debug|Any CPU.Build.0 = Debug|Any CPU
		{A26B0BCD-92A2-45EF-9F5F-EE31CE9F3EF7}.Release|Any CPU.ActiveCfg = Release|Any CPU
		{A26B0BCD-92A2-45EF-9F5F-EE31CE9F3EF7}.Release|Any CPU.Build.0 = Release|Any CPU
		{C16E9E0F-62F2-4452-8992-5515CDE563B5}.Debug|Any CPU.ActiveCfg = Debug|Any CPU
		{C16E9E0F-62F2-4452-8992-5515CDE563B5}.Debug|Any CPU.Build.0 = Debug|Any CPU
		{C16E9E0F-62F2-4452-8992-5515CDE563B5}.Release|Any CPU.ActiveCfg = Release|Any CPU
		{C16E9E0F-62F2-4452-8992-5515CDE563B5}.Release|Any CPU.Build.0 = Release|Any CPU
		{0CE6E3AF-29DE-43AF-8C95-C92D608D16CD}.Debug|Any CPU.ActiveCfg = Debug|Any CPU
		{0CE6E3AF-29DE-43AF-8C95-C92D608D16CD}.Debug|Any CPU.Build.0 = Debug|Any CPU
		{0CE6E3AF-29DE-43AF-8C95-C92D608D16CD}.Release|Any CPU.ActiveCfg = Release|Any CPU
		{0CE6E3AF-29DE-43AF-8C95-C92D608D16CD}.Release|Any CPU.Build.0 = Release|Any CPU
		{2961A24F-A9D7-433C-87B2-1DBC29EBCFEF}.Debug|Any CPU.ActiveCfg = Debug|Any CPU
		{2961A24F-A9D7-433C-87B2-1DBC29EBCFEF}.Debug|Any CPU.Build.0 = Debug|Any CPU
		{2961A24F-A9D7-433C-87B2-1DBC29EBCFEF}.Release|Any CPU.ActiveCfg = Release|Any CPU
		{2961A24F-A9D7-433C-87B2-1DBC29EBCFEF}.Release|Any CPU.Build.0 = Release|Any CPU
		{0E8FC1DF-927A-489D-83A2-151F72ECB273}.Debug|Any CPU.ActiveCfg = Debug|Any CPU
		{0E8FC1DF-927A-489D-83A2-151F72ECB273}.Debug|Any CPU.Build.0 = Debug|Any CPU
		{0E8FC1DF-927A-489D-83A2-151F72ECB273}.Release|Any CPU.ActiveCfg = Release|Any CPU
		{0E8FC1DF-927A-489D-83A2-151F72ECB273}.Release|Any CPU.Build.0 = Release|Any CPU
		{A590697F-8718-46BF-9C19-CCC4018A750C}.Debug|Any CPU.ActiveCfg = Debug|Any CPU
		{A590697F-8718-46BF-9C19-CCC4018A750C}.Debug|Any CPU.Build.0 = Debug|Any CPU
		{A590697F-8718-46BF-9C19-CCC4018A750C}.Release|Any CPU.ActiveCfg = Release|Any CPU
		{A590697F-8718-46BF-9C19-CCC4018A750C}.Release|Any CPU.Build.0 = Release|Any CPU
		{21539ADC-5EF2-4ABF-989F-42CCBF84EFC1}.Debug|Any CPU.ActiveCfg = Debug|Any CPU
		{21539ADC-5EF2-4ABF-989F-42CCBF84EFC1}.Debug|Any CPU.Build.0 = Debug|Any CPU
		{21539ADC-5EF2-4ABF-989F-42CCBF84EFC1}.Release|Any CPU.ActiveCfg = Release|Any CPU
		{21539ADC-5EF2-4ABF-989F-42CCBF84EFC1}.Release|Any CPU.Build.0 = Release|Any CPU
		{CEFD8643-6B2E-4EAD-B17D-4081E9E2E83F}.Debug|Any CPU.ActiveCfg = Debug|Any CPU
		{CEFD8643-6B2E-4EAD-B17D-4081E9E2E83F}.Debug|Any CPU.Build.0 = Debug|Any CPU
		{CEFD8643-6B2E-4EAD-B17D-4081E9E2E83F}.Release|Any CPU.ActiveCfg = Release|Any CPU
		{CEFD8643-6B2E-4EAD-B17D-4081E9E2E83F}.Release|Any CPU.Build.0 = Release|Any CPU
		{DC754380-02AB-4DE8-AC47-881B6D09513D}.Debug|Any CPU.ActiveCfg = Debug|Any CPU
		{DC754380-02AB-4DE8-AC47-881B6D09513D}.Debug|Any CPU.Build.0 = Debug|Any CPU
		{DC754380-02AB-4DE8-AC47-881B6D09513D}.Release|Any CPU.ActiveCfg = Release|Any CPU
		{DC754380-02AB-4DE8-AC47-881B6D09513D}.Release|Any CPU.Build.0 = Release|Any CPU
		{8CF4DE14-5D1B-4E75-99A0-98757B96F28F}.Debug|Any CPU.ActiveCfg = Debug|Any CPU
		{8CF4DE14-5D1B-4E75-99A0-98757B96F28F}.Debug|Any CPU.Build.0 = Debug|Any CPU
		{8CF4DE14-5D1B-4E75-99A0-98757B96F28F}.Release|Any CPU.ActiveCfg = Release|Any CPU
		{8CF4DE14-5D1B-4E75-99A0-98757B96F28F}.Release|Any CPU.Build.0 = Release|Any CPU
		{F8C853DD-BDEB-4F1B-AE2D-715CE53654B9}.Debug|Any CPU.ActiveCfg = Debug|Any CPU
		{F8C853DD-BDEB-4F1B-AE2D-715CE53654B9}.Debug|Any CPU.Build.0 = Debug|Any CPU
		{F8C853DD-BDEB-4F1B-AE2D-715CE53654B9}.Release|Any CPU.ActiveCfg = Release|Any CPU
		{F8C853DD-BDEB-4F1B-AE2D-715CE53654B9}.Release|Any CPU.Build.0 = Release|Any CPU
		{70BEF1D5-1FC9-41AB-A3F7-5D3AA9BEFD31}.Debug|Any CPU.ActiveCfg = Debug|Any CPU
		{70BEF1D5-1FC9-41AB-A3F7-5D3AA9BEFD31}.Debug|Any CPU.Build.0 = Debug|Any CPU
		{70BEF1D5-1FC9-41AB-A3F7-5D3AA9BEFD31}.Release|Any CPU.ActiveCfg = Release|Any CPU
		{70BEF1D5-1FC9-41AB-A3F7-5D3AA9BEFD31}.Release|Any CPU.Build.0 = Release|Any CPU
		{DC546042-8674-448B-9AC9-882D35BF0EB4}.Debug|Any CPU.ActiveCfg = Debug|Any CPU
		{DC546042-8674-448B-9AC9-882D35BF0EB4}.Debug|Any CPU.Build.0 = Debug|Any CPU
		{DC546042-8674-448B-9AC9-882D35BF0EB4}.Release|Any CPU.ActiveCfg = Release|Any CPU
		{DC546042-8674-448B-9AC9-882D35BF0EB4}.Release|Any CPU.Build.0 = Release|Any CPU
	EndGlobalSection
	GlobalSection(SolutionProperties) = preSolution
		HideSolutionNode = FALSE
	EndGlobalSection
EndGlobal
